
Microsoft Visual Studio Solution File, Format Version 12.00
# Visual Studio Version 16
VisualStudioVersion = 16.0.30330.147
MinimumVisualStudioVersion = 10.0.40219.1
Project("{FAE04EC0-301F-11D3-BF4B-00C04F79EFBC}") = "CSharp_Training", "CSharp_Training\CSharp_Training.csproj", "{0AA1305D-9768-4099-ABB1-620B30B71BFD}"
EndProject
Project("{FAE04EC0-301F-11D3-BF4B-00C04F79EFBC}") = "Tutorial7", "Tutorial7\Tutorial7.csproj", "{EE500B26-C47A-41F8-A393-CDDAC2BB4EAA}"
EndProject
Global
	GlobalSection(SolutionConfigurationPlatforms) = preSolution
		Debug|Any CPU = Debug|Any CPU
		Release|Any CPU = Release|Any CPU
	EndGlobalSection
	GlobalSection(ProjectConfigurationPlatforms) = postSolution
		{0AA1305D-9768-4099-ABB1-620B30B71BFD}.Debug|Any CPU.ActiveCfg = Debug|Any CPU
		{0AA1305D-9768-4099-ABB1-620B30B71BFD}.Debug|Any CPU.Build.0 = Debug|Any CPU
		{0AA1305D-9768-4099-ABB1-620B30B71BFD}.Release|Any CPU.ActiveCfg = Release|Any CPU
		{0AA1305D-9768-4099-ABB1-620B30B71BFD}.Release|Any CPU.Build.0 = Release|Any CPU
		{EE500B26-C47A-41F8-A393-CDDAC2BB4EAA}.Debug|Any CPU.ActiveCfg = Debug|Any CPU
		{EE500B26-C47A-41F8-A393-CDDAC2BB4EAA}.Debug|Any CPU.Build.0 = Debug|Any CPU
		{EE500B26-C47A-41F8-A393-CDDAC2BB4EAA}.Release|Any CPU.ActiveCfg = Release|Any CPU
		{EE500B26-C47A-41F8-A393-CDDAC2BB4EAA}.Release|Any CPU.Build.0 = Release|Any CPU
	EndGlobalSection
	GlobalSection(SolutionProperties) = preSolution
		HideSolutionNode = FALSE
	EndGlobalSection
	GlobalSection(ExtensibilityGlobals) = postSolution
		SolutionGuid = {3262D322-DEE2-4599-91BA-C8A4721DD83B}
	EndGlobalSection
EndGlobal
